
Microsoft Visual Studio Solution File, Format Version 12.00
# Visual Studio Version 17
VisualStudioVersion = 17.6.33829.357
MinimumVisualStudioVersion = 10.0.40219.1
Project("{9A19103F-16F7-4668-BE54-9A1E7A4F7556}") = "FileStorageAPI", "FileStorageAPI\FileStorageAPI.csproj", "{D456149C-91BE-4A4D-B2DF-1A687D6B816A}"
EndProject
Project("{9A19103F-16F7-4668-BE54-9A1E7A4F7556}") = "FileStoreAPI.DAL", "FileStoreAPI.DAL\FileStoreAPI.DAL.csproj", "{969208E7-3AA5-43C7-976E-78E25F2EC26B}"
EndProject
Project("{9A19103F-16F7-4668-BE54-9A1E7A4F7556}") = "FileStorageAPI.BLL", "FileStorageAPI.BLL\FileStorageAPI.BLL.csproj", "{8483E37C-67D4-445D-B9E1-65A82AD76732}"
EndProject
Project("{00D1A9C2-B5F0-4AF3-8072-F6C62B433612}") = "FileStorageDB", "FileStorageDB\FileStorageDB.sqlproj", "{54B295F7-5A4E-4A9F-9297-13E6EF2C2101}"
EndProject
Global
	GlobalSection(SolutionConfigurationPlatforms) = preSolution
		Debug|Any CPU = Debug|Any CPU
		Release|Any CPU = Release|Any CPU
	EndGlobalSection
	GlobalSection(ProjectConfigurationPlatforms) = postSolution
		{D456149C-91BE-4A4D-B2DF-1A687D6B816A}.Debug|Any CPU.ActiveCfg = Debug|Any CPU
		{D456149C-91BE-4A4D-B2DF-1A687D6B816A}.Debug|Any CPU.Build.0 = Debug|Any CPU
		{D456149C-91BE-4A4D-B2DF-1A687D6B816A}.Release|Any CPU.ActiveCfg = Release|Any CPU
		{D456149C-91BE-4A4D-B2DF-1A687D6B816A}.Release|Any CPU.Build.0 = Release|Any CPU
		{969208E7-3AA5-43C7-976E-78E25F2EC26B}.Debug|Any CPU.ActiveCfg = Debug|Any CPU
		{969208E7-3AA5-43C7-976E-78E25F2EC26B}.Debug|Any CPU.Build.0 = Debug|Any CPU
		{969208E7-3AA5-43C7-976E-78E25F2EC26B}.Release|Any CPU.ActiveCfg = Release|Any CPU
		{969208E7-3AA5-43C7-976E-78E25F2EC26B}.Release|Any CPU.Build.0 = Release|Any CPU
		{8483E37C-67D4-445D-B9E1-65A82AD76732}.Debug|Any CPU.ActiveCfg = Debug|Any CPU
		{8483E37C-67D4-445D-B9E1-65A82AD76732}.Debug|Any CPU.Build.0 = Debug|Any CPU
		{8483E37C-67D4-445D-B9E1-65A82AD76732}.Release|Any CPU.ActiveCfg = Release|Any CPU
		{8483E37C-67D4-445D-B9E1-65A82AD76732}.Release|Any CPU.Build.0 = Release|Any CPU
		{54B295F7-5A4E-4A9F-9297-13E6EF2C2101}.Debug|Any CPU.ActiveCfg = Debug|Any CPU
		{54B295F7-5A4E-4A9F-9297-13E6EF2C2101}.Debug|Any CPU.Build.0 = Debug|Any CPU
		{54B295F7-5A4E-4A9F-9297-13E6EF2C2101}.Debug|Any CPU.Deploy.0 = Debug|Any CPU
		{54B295F7-5A4E-4A9F-9297-13E6EF2C2101}.Release|Any CPU.ActiveCfg = Release|Any CPU
		{54B295F7-5A4E-4A9F-9297-13E6EF2C2101}.Release|Any CPU.Build.0 = Release|Any CPU
		{54B295F7-5A4E-4A9F-9297-13E6EF2C2101}.Release|Any CPU.Deploy.0 = Release|Any CPU
	EndGlobalSection
	GlobalSection(SolutionProperties) = preSolution
		HideSolutionNode = FALSE
	EndGlobalSection
	GlobalSection(ExtensibilityGlobals) = postSolution
		SolutionGuid = {2ADDFE28-5AD4-42F4-9299-6C246205CA06}
	EndGlobalSection
EndGlobal
